
Microsoft Visual Studio Solution File, Format Version 12.00
# Visual Studio Version 16
VisualStudioVersion = 16.0.30517.126
MinimumVisualStudioVersion = 10.0.40219.1
Project("{FAE04EC0-301F-11D3-BF4B-00C04F79EFBC}") = "OOPCAR", "OOPCAR\OOPCAR.csproj", "{EC82CB9F-473B-425F-9BB3-C3A247F39574}"
EndProject
Project("{FAE04EC0-301F-11D3-BF4B-00C04F79EFBC}") = "OOPCAR1", "OOPCAR1\OOPCAR1.csproj", "{BF8B590E-7163-449E-8369-48AB805A8D9D}"
EndProject
Global
	GlobalSection(SolutionConfigurationPlatforms) = preSolution
		Debug|Any CPU = Debug|Any CPU
		Release|Any CPU = Release|Any CPU
	EndGlobalSection
	GlobalSection(ProjectConfigurationPlatforms) = postSolution
		{EC82CB9F-473B-425F-9BB3-C3A247F39574}.Debug|Any CPU.ActiveCfg = Debug|Any CPU
		{EC82CB9F-473B-425F-9BB3-C3A247F39574}.Debug|Any CPU.Build.0 = Debug|Any CPU
		{EC82CB9F-473B-425F-9BB3-C3A247F39574}.Release|Any CPU.ActiveCfg = Release|Any CPU
		{EC82CB9F-473B-425F-9BB3-C3A247F39574}.Release|Any CPU.Build.0 = Release|Any CPU
		{BF8B590E-7163-449E-8369-48AB805A8D9D}.Debug|Any CPU.ActiveCfg = Debug|Any CPU
		{BF8B590E-7163-449E-8369-48AB805A8D9D}.Debug|Any CPU.Build.0 = Debug|Any CPU
		{BF8B590E-7163-449E-8369-48AB805A8D9D}.Release|Any CPU.ActiveCfg = Release|Any CPU
		{BF8B590E-7163-449E-8369-48AB805A8D9D}.Release|Any CPU.Build.0 = Release|Any CPU
	EndGlobalSection
	GlobalSection(SolutionProperties) = preSolution
		HideSolutionNode = FALSE
	EndGlobalSection
	GlobalSection(ExtensibilityGlobals) = postSolution
		SolutionGuid = {1E717FAC-E51F-4C1F-B455-44E315923837}
	EndGlobalSection
EndGlobal
